
Microsoft Visual Studio Solution File, Format Version 12.00
# Visual Studio Version 16
VisualStudioVersion = 16.0.30406.217
MinimumVisualStudioVersion = 10.0.40219.1
Project("{8BC9CEB8-8B4A-11D0-8D11-00A0C91BC942}") = "WebServer", "WebServer\WebServer.vcxproj", "{0BDCA50A-2522-4695-917F-AE2B442052BE}"
EndProject
Global
	GlobalSection(SolutionConfigurationPlatforms) = preSolution
		Debug|x64 = Debug|x64
		Debug|x86 = Debug|x86
		Release|x64 = Release|x64
		Release|x86 = Release|x86
	EndGlobalSection
	GlobalSection(ProjectConfigurationPlatforms) = postSolution
		{0BDCA50A-2522-4695-917F-AE2B442052BE}.Debug|x64.ActiveCfg = Debug|x64
		{0BDCA50A-2522-4695-917F-AE2B442052BE}.Debug|x64.Build.0 = Debug|x64
		{0BDCA50A-2522-4695-917F-AE2B442052BE}.Debug|x86.ActiveCfg = Debug|Win32
		{0BDCA50A-2522-4695-917F-AE2B442052BE}.Debug|x86.Build.0 = Debug|Win32
		{0BDCA50A-2522-4695-917F-AE2B442052BE}.Release|x64.ActiveCfg = Release|x64
		{0BDCA50A-2522-4695-917F-AE2B442052BE}.Release|x64.Build.0 = Release|x64
		{0BDCA50A-2522-4695-917F-AE2B442052BE}.Release|x86.ActiveCfg = Release|Win32
		{0BDCA50A-2522-4695-917F-AE2B442052BE}.Release|x86.Build.0 = Release|Win32
	EndGlobalSection
	GlobalSection(SolutionProperties) = preSolution
		HideSolutionNode = FALSE
	EndGlobalSection
	GlobalSection(ExtensibilityGlobals) = postSolution
		SolutionGuid = {CB1477C3-B859-4B43-9641-4757EC86B63D}
	EndGlobalSection
EndGlobal
